
Microsoft Visual Studio Solution File, Format Version 12.00
# Visual Studio Version 16
VisualStudioVersion = 16.0.31515.178
MinimumVisualStudioVersion = 10.0.40219.1
Project("{FAE04EC0-301F-11D3-BF4B-00C04F79EFBC}") = "Portafolio", "Portafolio\Portafolio.csproj", "{886FF276-E884-45D8-A2EE-E79BE1E6C2D0}"
EndProject
Project("{FAE04EC0-301F-11D3-BF4B-00C04F79EFBC}") = "Model", "Model\Model.csproj", "{8266CE7E-5D3A-4D2F-9697-19842C2E4CAD}"
EndProject
Project("{FAE04EC0-301F-11D3-BF4B-00C04F79EFBC}") = "Common", "Common\Common.csproj", "{C88D2258-B89F-4551-B86E-FC07E87015FD}"
EndProject
Global
	GlobalSection(SolutionConfigurationPlatforms) = preSolution
		Debug|Any CPU = Debug|Any CPU
		Release|Any CPU = Release|Any CPU
	EndGlobalSection
	GlobalSection(ProjectConfigurationPlatforms) = postSolution
		{886FF276-E884-45D8-A2EE-E79BE1E6C2D0}.Debug|Any CPU.ActiveCfg = Debug|Any CPU
		{886FF276-E884-45D8-A2EE-E79BE1E6C2D0}.Debug|Any CPU.Build.0 = Debug|Any CPU
		{886FF276-E884-45D8-A2EE-E79BE1E6C2D0}.Release|Any CPU.ActiveCfg = Release|Any CPU
		{886FF276-E884-45D8-A2EE-E79BE1E6C2D0}.Release|Any CPU.Build.0 = Release|Any CPU
		{8266CE7E-5D3A-4D2F-9697-19842C2E4CAD}.Debug|Any CPU.ActiveCfg = Debug|Any CPU
		{8266CE7E-5D3A-4D2F-9697-19842C2E4CAD}.Debug|Any CPU.Build.0 = Debug|Any CPU
		{8266CE7E-5D3A-4D2F-9697-19842C2E4CAD}.Release|Any CPU.ActiveCfg = Release|Any CPU
		{8266CE7E-5D3A-4D2F-9697-19842C2E4CAD}.Release|Any CPU.Build.0 = Release|Any CPU
		{C88D2258-B89F-4551-B86E-FC07E87015FD}.Debug|Any CPU.ActiveCfg = Debug|Any CPU
		{C88D2258-B89F-4551-B86E-FC07E87015FD}.Debug|Any CPU.Build.0 = Debug|Any CPU
		{C88D2258-B89F-4551-B86E-FC07E87015FD}.Release|Any CPU.ActiveCfg = Release|Any CPU
		{C88D2258-B89F-4551-B86E-FC07E87015FD}.Release|Any CPU.Build.0 = Release|Any CPU
	EndGlobalSection
	GlobalSection(SolutionProperties) = preSolution
		HideSolutionNode = FALSE
	EndGlobalSection
	GlobalSection(ExtensibilityGlobals) = postSolution
		SolutionGuid = {A24FFFEE-D0A2-4C9E-BF87-75259FE2ECBE}
	EndGlobalSection
EndGlobal
